
Microsoft Visual Studio Solution File, Format Version 12.00
# Visual Studio Version 17
VisualStudioVersion = 17.7.34031.279
MinimumVisualStudioVersion = 10.0.40219.1
Project("{8BC9CEB8-8B4A-11D0-8D11-00A0C91BC942}") = "ap_12.7", "ap_12.7\ap_12.7.vcxproj", "{B5993D6B-A801-4F7A-BF90-951C262C4411}"
EndProject
Project("{8BC9CEB8-8B4A-11D0-8D11-00A0C91BC942}") = "UnitTest1", "UnitTest1\UnitTest1.vcxproj", "{B47EEA75-D75C-4B63-BD25-27F3116E314F}"
EndProject
Global
	GlobalSection(SolutionConfigurationPlatforms) = preSolution
		Debug|x64 = Debug|x64
		Debug|x86 = Debug|x86
		Release|x64 = Release|x64
		Release|x86 = Release|x86
	EndGlobalSection
	GlobalSection(ProjectConfigurationPlatforms) = postSolution
		{B5993D6B-A801-4F7A-BF90-951C262C4411}.Debug|x64.ActiveCfg = Debug|x64
		{B5993D6B-A801-4F7A-BF90-951C262C4411}.Debug|x64.Build.0 = Debug|x64
		{B5993D6B-A801-4F7A-BF90-951C262C4411}.Debug|x86.ActiveCfg = Debug|Win32
		{B5993D6B-A801-4F7A-BF90-951C262C4411}.Debug|x86.Build.0 = Debug|Win32
		{B5993D6B-A801-4F7A-BF90-951C262C4411}.Release|x64.ActiveCfg = Release|x64
		{B5993D6B-A801-4F7A-BF90-951C262C4411}.Release|x64.Build.0 = Release|x64
		{B5993D6B-A801-4F7A-BF90-951C262C4411}.Release|x86.ActiveCfg = Release|Win32
		{B5993D6B-A801-4F7A-BF90-951C262C4411}.Release|x86.Build.0 = Release|Win32
		{B47EEA75-D75C-4B63-BD25-27F3116E314F}.Debug|x64.ActiveCfg = Debug|x64
		{B47EEA75-D75C-4B63-BD25-27F3116E314F}.Debug|x64.Build.0 = Debug|x64
		{B47EEA75-D75C-4B63-BD25-27F3116E314F}.Debug|x86.ActiveCfg = Debug|Win32
		{B47EEA75-D75C-4B63-BD25-27F3116E314F}.Debug|x86.Build.0 = Debug|Win32
		{B47EEA75-D75C-4B63-BD25-27F3116E314F}.Release|x64.ActiveCfg = Release|x64
		{B47EEA75-D75C-4B63-BD25-27F3116E314F}.Release|x64.Build.0 = Release|x64
		{B47EEA75-D75C-4B63-BD25-27F3116E314F}.Release|x86.ActiveCfg = Release|Win32
		{B47EEA75-D75C-4B63-BD25-27F3116E314F}.Release|x86.Build.0 = Release|Win32
	EndGlobalSection
	GlobalSection(SolutionProperties) = preSolution
		HideSolutionNode = FALSE
	EndGlobalSection
	GlobalSection(ExtensibilityGlobals) = postSolution
		SolutionGuid = {F821816C-16A5-428D-9096-D57C9BEA1875}
	EndGlobalSection
EndGlobal
